
Microsoft Visual Studio Solution File, Format Version 12.00
# Visual Studio Version 17
VisualStudioVersion = 17.0.31903.59
MinimumVisualStudioVersion = 10.0.40219.1
Project("{9A19103F-16F7-4668-BE54-9A1E7A4F7556}") = "Dependencies", "Dependencies\Dependencies.csproj", "{8F595E1D-BE1D-48F1-92D7-FE0A23F33777}"
EndProject
Project("{9A19103F-16F7-4668-BE54-9A1E7A4F7556}") = "PlatformInterfaces", "PlatformInterfaces\PlatformInterfaces.csproj", "{637AC41F-CAFB-4ECF-96FE-0513C022507D}"
EndProject
Project("{9A19103F-16F7-4668-BE54-9A1E7A4F7556}") = "DefaultsAndStuff", "DefaultsAndStuff\DefaultsAndStuff.csproj", "{31361F48-39AE-4F41-B855-D8846B95B229}"
EndProject
Project("{9A19103F-16F7-4668-BE54-9A1E7A4F7556}") = "DefaultsAndStuff.Tests", "DefaultsAndStuff.Tests\DefaultsAndStuff.Tests.csproj", "{6288341F-26DE-4ECE-B0FA-F302B008CDC0}"
EndProject
Project("{9A19103F-16F7-4668-BE54-9A1E7A4F7556}") = "TemplatingWeb", "TemplatingWeb\TemplatingWeb.csproj", "{8BB59462-DA7B-4427-8E95-64DFB0CC8CD0}"
EndProject
Project("{9A19103F-16F7-4668-BE54-9A1E7A4F7556}") = "DefaultsWeb", "DefaultsWeb\DefaultsWeb.csproj", "{4BFD2B00-A645-4999-BF18-0D3F906A88D9}"
EndProject
Project("{9A19103F-16F7-4668-BE54-9A1E7A4F7556}") = "AuthFrontend", "AuthFrontend\AuthFrontend.csproj", "{60AB5ED0-E4E8-4294-8D23-9F1F329FF8F1}"
EndProject
Project("{54A90642-561A-4BB1-A94E-469ADEE60C69}") = "TryFront", "TryFront\TryFront.esproj", "{BC19D525-AE05-4FDE-8AEF-355AA02D9954}"
EndProject
Project("{9A19103F-16F7-4668-BE54-9A1E7A4F7556}") = "AuthFrontend.Tests", "AuthFrontend.Tests\AuthFrontend.Tests.csproj", "{C0105008-BBFA-413F-915D-A01BAFCCEF33}"
EndProject
Project("{9A19103F-16F7-4668-BE54-9A1E7A4F7556}") = "TestingConcepts", "TestingConcepts\TestingConcepts.csproj", "{9CDCA95D-E26E-438A-96E1-CD1A3199538D}"
EndProject
Project("{9A19103F-16F7-4668-BE54-9A1E7A4F7556}") = "UsersDbComponent", "UsersDbComponent\UsersDbComponent.csproj", "{6073B2DE-B762-41D5-81B8-EADE4C278CC7}"
EndProject
Project("{9A19103F-16F7-4668-BE54-9A1E7A4F7556}") = "AuthWeb", "AuthWeb\AuthWeb.csproj", "{A54107ED-BED3-4696-B833-798C2608EBFF}"
EndProject
Project("{9A19103F-16F7-4668-BE54-9A1E7A4F7556}") = "PublicInfo", "PublicInfo\PublicInfo.csproj", "{403FC0F1-F338-44BE-987C-3F8B50E1629F}"
EndProject
Project("{9A19103F-16F7-4668-BE54-9A1E7A4F7556}") = "PublicWeb", "PublicWeb\PublicWeb.csproj", "{40A54970-1A81-4CF3-BAC1-0CBA44DF2CF6}"
EndProject
Project("{9A19103F-16F7-4668-BE54-9A1E7A4F7556}") = "MigrationsTool", "MigrationsTool\MigrationsTool.csproj", "{96074340-0FED-4823-873C-099FDADA4B89}"
EndProject
Project("{9A19103F-16F7-4668-BE54-9A1E7A4F7556}") = "UserInfo", "UserInfo\UserInfo.csproj", "{56DBBE8A-7B3A-4074-BC7E-0AE96F168851}"
EndProject
Project("{9A19103F-16F7-4668-BE54-9A1E7A4F7556}") = "UserWeb", "UserWeb\UserWeb.csproj", "{F896E37D-E363-43A6-B94D-3497E7BF0F04}"
EndProject
Project("{FAE04EC0-301F-11D3-BF4B-00C04F79EFBC}") = "InventoryDbComponent", "InventoryDbComponent\InventoryDbComponent.csproj", "{A9205EFF-ED67-43A0-9B68-B96A8B34DCBC}"
EndProject
Global
	GlobalSection(SolutionConfigurationPlatforms) = preSolution
		Debug|Any CPU = Debug|Any CPU
		Release|Any CPU = Release|Any CPU
	EndGlobalSection
	GlobalSection(ProjectConfigurationPlatforms) = postSolution
		{8F595E1D-BE1D-48F1-92D7-FE0A23F33777}.Debug|Any CPU.ActiveCfg = Debug|Any CPU
		{8F595E1D-BE1D-48F1-92D7-FE0A23F33777}.Debug|Any CPU.Build.0 = Debug|Any CPU
		{8F595E1D-BE1D-48F1-92D7-FE0A23F33777}.Release|Any CPU.ActiveCfg = Release|Any CPU
		{8F595E1D-BE1D-48F1-92D7-FE0A23F33777}.Release|Any CPU.Build.0 = Release|Any CPU
		{637AC41F-CAFB-4ECF-96FE-0513C022507D}.Debug|Any CPU.ActiveCfg = Debug|Any CPU
		{637AC41F-CAFB-4ECF-96FE-0513C022507D}.Debug|Any CPU.Build.0 = Debug|Any CPU
		{637AC41F-CAFB-4ECF-96FE-0513C022507D}.Release|Any CPU.ActiveCfg = Release|Any CPU
		{637AC41F-CAFB-4ECF-96FE-0513C022507D}.Release|Any CPU.Build.0 = Release|Any CPU
		{31361F48-39AE-4F41-B855-D8846B95B229}.Debug|Any CPU.ActiveCfg = Debug|Any CPU
		{31361F48-39AE-4F41-B855-D8846B95B229}.Debug|Any CPU.Build.0 = Debug|Any CPU
		{31361F48-39AE-4F41-B855-D8846B95B229}.Release|Any CPU.ActiveCfg = Release|Any CPU
		{31361F48-39AE-4F41-B855-D8846B95B229}.Release|Any CPU.Build.0 = Release|Any CPU
		{6288341F-26DE-4ECE-B0FA-F302B008CDC0}.Debug|Any CPU.ActiveCfg = Debug|Any CPU
		{6288341F-26DE-4ECE-B0FA-F302B008CDC0}.Debug|Any CPU.Build.0 = Debug|Any CPU
		{6288341F-26DE-4ECE-B0FA-F302B008CDC0}.Release|Any CPU.ActiveCfg = Release|Any CPU
		{6288341F-26DE-4ECE-B0FA-F302B008CDC0}.Release|Any CPU.Build.0 = Release|Any CPU
		{8BB59462-DA7B-4427-8E95-64DFB0CC8CD0}.Debug|Any CPU.ActiveCfg = Debug|Any CPU
		{8BB59462-DA7B-4427-8E95-64DFB0CC8CD0}.Debug|Any CPU.Build.0 = Debug|Any CPU
		{8BB59462-DA7B-4427-8E95-64DFB0CC8CD0}.Release|Any CPU.ActiveCfg = Release|Any CPU
		{8BB59462-DA7B-4427-8E95-64DFB0CC8CD0}.Release|Any CPU.Build.0 = Release|Any CPU
		{4BFD2B00-A645-4999-BF18-0D3F906A88D9}.Debug|Any CPU.ActiveCfg = Debug|Any CPU
		{4BFD2B00-A645-4999-BF18-0D3F906A88D9}.Debug|Any CPU.Build.0 = Debug|Any CPU
		{4BFD2B00-A645-4999-BF18-0D3F906A88D9}.Release|Any CPU.ActiveCfg = Release|Any CPU
		{4BFD2B00-A645-4999-BF18-0D3F906A88D9}.Release|Any CPU.Build.0 = Release|Any CPU
		{60AB5ED0-E4E8-4294-8D23-9F1F329FF8F1}.Debug|Any CPU.ActiveCfg = Debug|Any CPU
		{60AB5ED0-E4E8-4294-8D23-9F1F329FF8F1}.Debug|Any CPU.Build.0 = Debug|Any CPU
		{60AB5ED0-E4E8-4294-8D23-9F1F329FF8F1}.Release|Any CPU.ActiveCfg = Release|Any CPU
		{60AB5ED0-E4E8-4294-8D23-9F1F329FF8F1}.Release|Any CPU.Build.0 = Release|Any CPU
		{BC19D525-AE05-4FDE-8AEF-355AA02D9954}.Debug|Any CPU.ActiveCfg = Debug|Any CPU
		{BC19D525-AE05-4FDE-8AEF-355AA02D9954}.Debug|Any CPU.Build.0 = Debug|Any CPU
		{BC19D525-AE05-4FDE-8AEF-355AA02D9954}.Debug|Any CPU.Deploy.0 = Debug|Any CPU
		{BC19D525-AE05-4FDE-8AEF-355AA02D9954}.Release|Any CPU.ActiveCfg = Release|Any CPU
		{BC19D525-AE05-4FDE-8AEF-355AA02D9954}.Release|Any CPU.Build.0 = Release|Any CPU
		{BC19D525-AE05-4FDE-8AEF-355AA02D9954}.Release|Any CPU.Deploy.0 = Release|Any CPU
		{C0105008-BBFA-413F-915D-A01BAFCCEF33}.Debug|Any CPU.ActiveCfg = Debug|Any CPU
		{C0105008-BBFA-413F-915D-A01BAFCCEF33}.Debug|Any CPU.Build.0 = Debug|Any CPU
		{C0105008-BBFA-413F-915D-A01BAFCCEF33}.Release|Any CPU.ActiveCfg = Release|Any CPU
		{C0105008-BBFA-413F-915D-A01BAFCCEF33}.Release|Any CPU.Build.0 = Release|Any CPU
		{9CDCA95D-E26E-438A-96E1-CD1A3199538D}.Debug|Any CPU.ActiveCfg = Debug|Any CPU
		{9CDCA95D-E26E-438A-96E1-CD1A3199538D}.Debug|Any CPU.Build.0 = Debug|Any CPU
		{9CDCA95D-E26E-438A-96E1-CD1A3199538D}.Release|Any CPU.ActiveCfg = Release|Any CPU
		{9CDCA95D-E26E-438A-96E1-CD1A3199538D}.Release|Any CPU.Build.0 = Release|Any CPU
		{6073B2DE-B762-41D5-81B8-EADE4C278CC7}.Debug|Any CPU.ActiveCfg = Debug|Any CPU
		{6073B2DE-B762-41D5-81B8-EADE4C278CC7}.Debug|Any CPU.Build.0 = Debug|Any CPU
		{6073B2DE-B762-41D5-81B8-EADE4C278CC7}.Release|Any CPU.ActiveCfg = Release|Any CPU
		{6073B2DE-B762-41D5-81B8-EADE4C278CC7}.Release|Any CPU.Build.0 = Release|Any CPU
		{A54107ED-BED3-4696-B833-798C2608EBFF}.Debug|Any CPU.ActiveCfg = Debug|Any CPU
		{A54107ED-BED3-4696-B833-798C2608EBFF}.Debug|Any CPU.Build.0 = Debug|Any CPU
		{A54107ED-BED3-4696-B833-798C2608EBFF}.Release|Any CPU.ActiveCfg = Release|Any CPU
		{A54107ED-BED3-4696-B833-798C2608EBFF}.Release|Any CPU.Build.0 = Release|Any CPU
		{403FC0F1-F338-44BE-987C-3F8B50E1629F}.Debug|Any CPU.ActiveCfg = Debug|Any CPU
		{403FC0F1-F338-44BE-987C-3F8B50E1629F}.Debug|Any CPU.Build.0 = Debug|Any CPU
		{403FC0F1-F338-44BE-987C-3F8B50E1629F}.Release|Any CPU.ActiveCfg = Release|Any CPU
		{403FC0F1-F338-44BE-987C-3F8B50E1629F}.Release|Any CPU.Build.0 = Release|Any CPU
		{40A54970-1A81-4CF3-BAC1-0CBA44DF2CF6}.Debug|Any CPU.ActiveCfg = Debug|Any CPU
		{40A54970-1A81-4CF3-BAC1-0CBA44DF2CF6}.Debug|Any CPU.Build.0 = Debug|Any CPU
		{40A54970-1A81-4CF3-BAC1-0CBA44DF2CF6}.Release|Any CPU.ActiveCfg = Release|Any CPU
		{40A54970-1A81-4CF3-BAC1-0CBA44DF2CF6}.Release|Any CPU.Build.0 = Release|Any CPU
		{96074340-0FED-4823-873C-099FDADA4B89}.Debug|Any CPU.ActiveCfg = Debug|Any CPU
		{96074340-0FED-4823-873C-099FDADA4B89}.Debug|Any CPU.Build.0 = Debug|Any CPU
		{96074340-0FED-4823-873C-099FDADA4B89}.Release|Any CPU.ActiveCfg = Release|Any CPU
		{96074340-0FED-4823-873C-099FDADA4B89}.Release|Any CPU.Build.0 = Release|Any CPU
		{56DBBE8A-7B3A-4074-BC7E-0AE96F168851}.Debug|Any CPU.ActiveCfg = Debug|Any CPU
		{56DBBE8A-7B3A-4074-BC7E-0AE96F168851}.Debug|Any CPU.Build.0 = Debug|Any CPU
		{56DBBE8A-7B3A-4074-BC7E-0AE96F168851}.Release|Any CPU.ActiveCfg = Release|Any CPU
		{56DBBE8A-7B3A-4074-BC7E-0AE96F168851}.Release|Any CPU.Build.0 = Release|Any CPU
		{F896E37D-E363-43A6-B94D-3497E7BF0F04}.Debug|Any CPU.ActiveCfg = Debug|Any CPU
		{F896E37D-E363-43A6-B94D-3497E7BF0F04}.Debug|Any CPU.Build.0 = Debug|Any CPU
		{F896E37D-E363-43A6-B94D-3497E7BF0F04}.Release|Any CPU.ActiveCfg = Release|Any CPU
		{F896E37D-E363-43A6-B94D-3497E7BF0F04}.Release|Any CPU.Build.0 = Release|Any CPU
		{A9205EFF-ED67-43A0-9B68-B96A8B34DCBC}.Debug|Any CPU.ActiveCfg = Debug|Any CPU
		{A9205EFF-ED67-43A0-9B68-B96A8B34DCBC}.Debug|Any CPU.Build.0 = Debug|Any CPU
		{A9205EFF-ED67-43A0-9B68-B96A8B34DCBC}.Release|Any CPU.ActiveCfg = Release|Any CPU
		{A9205EFF-ED67-43A0-9B68-B96A8B34DCBC}.Release|Any CPU.Build.0 = Release|Any CPU
	EndGlobalSection
	GlobalSection(SolutionProperties) = preSolution
		HideSolutionNode = FALSE
	EndGlobalSection
	GlobalSection(ExtensibilityGlobals) = postSolution
		SolutionGuid = {8F9C9B86-7233-44D9-A165-751DE6DE9A62}
	EndGlobalSection
EndGlobal
